
Microsoft Visual Studio Solution File, Format Version 12.00
# Visual Studio Version 16
VisualStudioVersion = 16.0.31424.327
MinimumVisualStudioVersion = 10.0.40219.1
Project("{FAE04EC0-301F-11D3-BF4B-00C04F79EFBC}") = "TodoList2Api", "TodoList2Api\TodoList2Api.csproj", "{89148004-1B13-4201-B226-248A69B8009D}"
EndProject
Global
	GlobalSection(SolutionConfigurationPlatforms) = preSolution
		Debug|Any CPU = Debug|Any CPU
		Release|Any CPU = Release|Any CPU
	EndGlobalSection
	GlobalSection(ProjectConfigurationPlatforms) = postSolution
		{89148004-1B13-4201-B226-248A69B8009D}.Debug|Any CPU.ActiveCfg = Debug|Any CPU
		{89148004-1B13-4201-B226-248A69B8009D}.Debug|Any CPU.Build.0 = Debug|Any CPU
		{89148004-1B13-4201-B226-248A69B8009D}.Release|Any CPU.ActiveCfg = Release|Any CPU
		{89148004-1B13-4201-B226-248A69B8009D}.Release|Any CPU.Build.0 = Release|Any CPU
	EndGlobalSection
	GlobalSection(SolutionProperties) = preSolution
		HideSolutionNode = FALSE
	EndGlobalSection
	GlobalSection(ExtensibilityGlobals) = postSolution
		SolutionGuid = {FB3EC2A1-7FA9-4DA8-9EF3-D5EAD5E83517}
	EndGlobalSection
EndGlobal
